
Microsoft Visual Studio Solution File, Format Version 12.00
# Visual Studio Version 17
VisualStudioVersion = 17.1.32421.90
MinimumVisualStudioVersion = 10.0.40219.1
Project("{FAE04EC0-301F-11D3-BF4B-00C04F79EFBC}") = "Leave-Management", "Leave-Management.csproj", "{04CD6DE4-FA93-422A-8A45-BCC8400B1044}"
EndProject
Global
	GlobalSection(SolutionConfigurationPlatforms) = preSolution
		Debug|Any CPU = Debug|Any CPU
		Release|Any CPU = Release|Any CPU
	EndGlobalSection
	GlobalSection(ProjectConfigurationPlatforms) = postSolution
		{04CD6DE4-FA93-422A-8A45-BCC8400B1044}.Debug|Any CPU.ActiveCfg = Debug|Any CPU
		{04CD6DE4-FA93-422A-8A45-BCC8400B1044}.Debug|Any CPU.Build.0 = Debug|Any CPU
		{04CD6DE4-FA93-422A-8A45-BCC8400B1044}.Release|Any CPU.ActiveCfg = Release|Any CPU
		{04CD6DE4-FA93-422A-8A45-BCC8400B1044}.Release|Any CPU.Build.0 = Release|Any CPU
	EndGlobalSection
	GlobalSection(SolutionProperties) = preSolution
		HideSolutionNode = FALSE
	EndGlobalSection
	GlobalSection(ExtensibilityGlobals) = postSolution
		SolutionGuid = {8187D944-455F-4BCA-B8C5-4AE78A71969F}
	EndGlobalSection
EndGlobal
